
Microsoft Visual Studio Solution File, Format Version 12.00
# Visual Studio Version 17
VisualStudioVersion = 17.10.35013.160
MinimumVisualStudioVersion = 10.0.40219.1
Project("{9A19103F-16F7-4668-BE54-9A1E7A4F7556}") = "OMP_API", "OMP-API\OMP_API.csproj", "{EB991F34-0927-44EA-9234-D0ACEC6CCCB2}"
EndProject
Project("{FAE04EC0-301F-11D3-BF4B-00C04F79EFBC}") = "OMPWebAppAdmin", "OMPWebAppAdmin\OMPWebAppAdmin.csproj", "{AC8DF55F-8F59-4AA1-853B-4A1C47C8B70B}"
EndProject
Global
	GlobalSection(SolutionConfigurationPlatforms) = preSolution
		Debug|Any CPU = Debug|Any CPU
		Release|Any CPU = Release|Any CPU
	EndGlobalSection
	GlobalSection(ProjectConfigurationPlatforms) = postSolution
		{EB991F34-0927-44EA-9234-D0ACEC6CCCB2}.Debug|Any CPU.ActiveCfg = Debug|Any CPU
		{EB991F34-0927-44EA-9234-D0ACEC6CCCB2}.Debug|Any CPU.Build.0 = Debug|Any CPU
		{EB991F34-0927-44EA-9234-D0ACEC6CCCB2}.Release|Any CPU.ActiveCfg = Release|Any CPU
		{EB991F34-0927-44EA-9234-D0ACEC6CCCB2}.Release|Any CPU.Build.0 = Release|Any CPU
		{AC8DF55F-8F59-4AA1-853B-4A1C47C8B70B}.Debug|Any CPU.ActiveCfg = Debug|Any CPU
		{AC8DF55F-8F59-4AA1-853B-4A1C47C8B70B}.Debug|Any CPU.Build.0 = Debug|Any CPU
		{AC8DF55F-8F59-4AA1-853B-4A1C47C8B70B}.Release|Any CPU.ActiveCfg = Release|Any CPU
		{AC8DF55F-8F59-4AA1-853B-4A1C47C8B70B}.Release|Any CPU.Build.0 = Release|Any CPU
	EndGlobalSection
	GlobalSection(SolutionProperties) = preSolution
		HideSolutionNode = FALSE
	EndGlobalSection
	GlobalSection(ExtensibilityGlobals) = postSolution
		SolutionGuid = {22D6B297-B331-4DC9-B6EB-7EC872F20601}
	EndGlobalSection
EndGlobal
