
Microsoft Visual Studio Solution File, Format Version 12.00
# Visual Studio Version 17
VisualStudioVersion = 17.10.35013.160
MinimumVisualStudioVersion = 10.0.40219.1
Project("{9A19103F-16F7-4668-BE54-9A1E7A4F7556}") = "OMP-WEB-ADMIN", "OMP-WEB-ADMIN\OMP-WEB-ADMIN.csproj", "{D6C3B437-261B-411B-9D53-9D3D73380AE6}"
EndProject
Project("{9A19103F-16F7-4668-BE54-9A1E7A4F7556}") = "OMP-WEB", "OMP-WEB\OMP-WEB.csproj", "{A73388E9-6135-4FA2-A5FD-4DFD7D68A75B}"
EndProject
Project("{9A19103F-16F7-4668-BE54-9A1E7A4F7556}") = "OMP-MOBILE", "OMP-MOBILE\OMP-MOBILE.csproj", "{291341DE-EB98-422D-89AF-E6DA48EDA251}"
EndProject
Project("{FAE04EC0-301F-11D3-BF4B-00C04F79EFBC}") = "OMP-API", "OMP-API\OMP-API.csproj", "{EB991F34-0927-44EA-9234-D0ACEC6CCCB2}"
EndProject
Global
	GlobalSection(SolutionConfigurationPlatforms) = preSolution
		Debug|Any CPU = Debug|Any CPU
		Release|Any CPU = Release|Any CPU
	EndGlobalSection
	GlobalSection(ProjectConfigurationPlatforms) = postSolution
		{D6C3B437-261B-411B-9D53-9D3D73380AE6}.Debug|Any CPU.ActiveCfg = Debug|Any CPU
		{D6C3B437-261B-411B-9D53-9D3D73380AE6}.Debug|Any CPU.Build.0 = Debug|Any CPU
		{D6C3B437-261B-411B-9D53-9D3D73380AE6}.Release|Any CPU.ActiveCfg = Release|Any CPU
		{D6C3B437-261B-411B-9D53-9D3D73380AE6}.Release|Any CPU.Build.0 = Release|Any CPU
		{A73388E9-6135-4FA2-A5FD-4DFD7D68A75B}.Debug|Any CPU.ActiveCfg = Debug|Any CPU
		{A73388E9-6135-4FA2-A5FD-4DFD7D68A75B}.Debug|Any CPU.Build.0 = Debug|Any CPU
		{A73388E9-6135-4FA2-A5FD-4DFD7D68A75B}.Release|Any CPU.ActiveCfg = Release|Any CPU
		{A73388E9-6135-4FA2-A5FD-4DFD7D68A75B}.Release|Any CPU.Build.0 = Release|Any CPU
		{291341DE-EB98-422D-89AF-E6DA48EDA251}.Debug|Any CPU.ActiveCfg = Debug|Any CPU
		{291341DE-EB98-422D-89AF-E6DA48EDA251}.Debug|Any CPU.Build.0 = Debug|Any CPU
		{291341DE-EB98-422D-89AF-E6DA48EDA251}.Debug|Any CPU.Deploy.0 = Debug|Any CPU
		{291341DE-EB98-422D-89AF-E6DA48EDA251}.Release|Any CPU.ActiveCfg = Release|Any CPU
		{291341DE-EB98-422D-89AF-E6DA48EDA251}.Release|Any CPU.Build.0 = Release|Any CPU
		{291341DE-EB98-422D-89AF-E6DA48EDA251}.Release|Any CPU.Deploy.0 = Release|Any CPU
		{EB991F34-0927-44EA-9234-D0ACEC6CCCB2}.Debug|Any CPU.ActiveCfg = Debug|Any CPU
		{EB991F34-0927-44EA-9234-D0ACEC6CCCB2}.Debug|Any CPU.Build.0 = Debug|Any CPU
		{EB991F34-0927-44EA-9234-D0ACEC6CCCB2}.Release|Any CPU.ActiveCfg = Release|Any CPU
		{EB991F34-0927-44EA-9234-D0ACEC6CCCB2}.Release|Any CPU.Build.0 = Release|Any CPU
	EndGlobalSection
	GlobalSection(SolutionProperties) = preSolution
		HideSolutionNode = FALSE
	EndGlobalSection
	GlobalSection(ExtensibilityGlobals) = postSolution
		SolutionGuid = {22D6B297-B331-4DC9-B6EB-7EC872F20601}
	EndGlobalSection
EndGlobal
